dependencies:
- name: llm-service
  repository: https://rh-ai-kickstart.github.io/ai-architecture-charts
  version: 0.1.0
- name: llama-stack
  repository: https://rh-ai-kickstart.github.io/ai-architecture-charts
  version: 0.2.9
- name: pgvector
  repository: https://rh-ai-kickstart.github.io/ai-architecture-charts
  version: 0.1.0
- name: minio
  repository: https://rh-ai-kickstart.github.io/ai-architecture-charts
  version: 0.1.0
digest: sha256:e89067e216450ccf1292e08085f9cb1049025ea17778f841abfff5788ad76e28
generated: "2025-07-28T12:30:15.220032+05:30"
